
Microsoft Visual Studio Solution File, Format Version 12.00
# Visual Studio Version 17
VisualStudioVersion = 17.12.35527.113
MinimumVisualStudioVersion = 10.0.40219.1
Project("{FAE04EC0-301F-11D3-BF4B-00C04F79EFBC}") = "WebApi.API", "WebApi.API\WebApi.API.csproj", "{441F6099-6923-4A7A-91A8-45CC11E59768}"
EndProject
Project("{FAE04EC0-301F-11D3-BF4B-00C04F79EFBC}") = "WebApi.MobileApp", "WebApi.MobileApp\WebApi.MobileApp.csproj", "{CDB7FDFB-FE4F-470E-AB3D-222E93D35902}"
EndProject
Global
	GlobalSection(SolutionConfigurationPlatforms) = preSolution
		Debug|Any CPU = Debug|Any CPU
		Release|Any CPU = Release|Any CPU
	EndGlobalSection
	GlobalSection(ProjectConfigurationPlatforms) = postSolution
		{441F6099-6923-4A7A-91A8-45CC11E59768}.Debug|Any CPU.ActiveCfg = Debug|Any CPU
		{441F6099-6923-4A7A-91A8-45CC11E59768}.Debug|Any CPU.Build.0 = Debug|Any CPU
		{441F6099-6923-4A7A-91A8-45CC11E59768}.Release|Any CPU.ActiveCfg = Release|Any CPU
		{441F6099-6923-4A7A-91A8-45CC11E59768}.Release|Any CPU.Build.0 = Release|Any CPU
		{CDB7FDFB-FE4F-470E-AB3D-222E93D35902}.Debug|Any CPU.ActiveCfg = Debug|Any CPU
		{CDB7FDFB-FE4F-470E-AB3D-222E93D35902}.Debug|Any CPU.Build.0 = Debug|Any CPU
		{CDB7FDFB-FE4F-470E-AB3D-222E93D35902}.Debug|Any CPU.Deploy.0 = Debug|Any CPU
		{CDB7FDFB-FE4F-470E-AB3D-222E93D35902}.Release|Any CPU.ActiveCfg = Release|Any CPU
		{CDB7FDFB-FE4F-470E-AB3D-222E93D35902}.Release|Any CPU.Build.0 = Release|Any CPU
		{CDB7FDFB-FE4F-470E-AB3D-222E93D35902}.Release|Any CPU.Deploy.0 = Release|Any CPU
	EndGlobalSection
	GlobalSection(SolutionProperties) = preSolution
		HideSolutionNode = FALSE
	EndGlobalSection
EndGlobal
